<?xml version="1.0" encoding="UTF-8" standalone="yes" ?>
<CodeBlocks_project_file>
	<FileVersion major="1" minor="6" />
	<Project>
		<Option title="test" />
		<Option pch_mode="2" />
		<Option compiler="gcc" />
		<Build>
			<Target title="Debug">
				<Option output="bin/Debug/test" prefix_auto="1" extension_auto="1" />
				<Option object_output="obj/Debug/" />
				<Option type="1" />
				<Option compiler="gcc" />
				<Option use_console_runner="0" />
				<Compiler>
					<Add option="-Wall" />
					<Add option="-std=c++11" />
					<Add option="-m64" />
					<Add option="-g" />
					<Add directory="../bin/Debug" />
				</Compiler>
				<Linker>
					<Add option="-m64" />
					<Add library="netxpert" />
					<Add directory="/home/hahne/dev/netxpert1_0/bin/Debug" />
				</Linker>
			</Target>
			<Target title="Release">
				<Option output="bin/Release/test" prefix_auto="1" extension_auto="1" />
				<Option object_output="obj/Release/" />
				<Option type="1" />
				<Option compiler="gcc" />
				<Compiler>
					<Add option="-march=corei7-avx" />
					<Add option="-fexpensive-optimizations" />
					<Add option="-O3" />
					<Add option="-Wall" />
					<Add option="-std=c++14" />
					<Add option="-m64" />
					<Add directory="../bin/Release" />
				</Compiler>
				<Linker>
					<Add option="-m64" />
					<Add library="netxpert" />
					<Add directory="/home/hahne/dev/netxpert1_0/bin/Release" />
				</Linker>
			</Target>
		</Build>
		<Compiler>
			<Add option="-Wall" />
			<Add option="-std=c++11" />
			<Add option="-fexceptions" />
			<Add option="-fPIC" />
			<Add option="-fopenmp" />
			<Add directory="../libs" />
			<Add directory="../include" />
			<Add directory="/usr/include/python2.7" />
			<Add directory="../include/core" />
			<Add directory="../include/solver" />
			<Add directory="../libs/geos-3.4.2/include" />
			<Add directory="../libs/lemon-1.3.1" />
			<Add directory="../include/simple" />
			<Add directory="/home/hahne/dev/lemon-contrib/lemon-astar/src" />
		</Compiler>
		<Linker>
			<Add option="-fopenmp" />
			<Add library="FileGDBAPI" />
			<Add library="fgdbunixrtl" />
			<Add directory="/home/hahne/dev/1_libs/FileGDB_API-64gcc51/lib" />
		</Linker>
		<Unit filename="main.cpp" />
		<Extensions>
			<code_completion />
			<debugger>
				<search_path add="/home/hahne/dev/netxpert1_0/src" />
				<search_path add="/home/hahne/dev/netxpert1_0/src/core" />
				<search_path add="/home/hahne/dev/netxpert1_0/src/simple" />
			</debugger>
			<envvars />
		</Extensions>
	</Project>
</CodeBlocks_project_file>
