<?xml version="1.0" encoding="UTF-8" standalone="yes" ?>
<CodeBlocks_project_file>
	<FileVersion major="1" minor="6" />
	<Project>
		<Option title="netxpert" />
		<Option pch_mode="2" />
		<Option compiler="gcc" />
		<Build>
			<Target title="Debug">
				<Option output="bin/Debug/netxpert" prefix_auto="1" extension_auto="1" />
				<Option object_output="obj/Debug/" />
				<Option type="1" />
				<Option compiler="gcc" />
				<Option use_console_runner="0" />
				<Compiler>
					<Add option="-std=c++11" />
					<Add option="-Wall" />
					<Add option="-g" />
					<Add option="-O0" />
					<Add directory="include" />
				</Compiler>
			</Target>
			<Target title="Release">
				<Option output="bin/Release/netxpert" prefix_auto="1" extension_auto="1" />
				<Option object_output="obj/Release/" />
				<Option type="1" />
				<Option compiler="gcc" />
				<Option use_console_runner="0" />
				<Compiler>
					<Add option="-O2" />
					<Add option="-std=c++11" />
					<Add directory="include" />
				</Compiler>
				<Linker>
					<Add option="-s" />
				</Linker>
			</Target>
		</Build>
		<Compiler>
			<Add option="-std=c++11" />
			<Add option="-Wall" />
			<Add option="-fexceptions" />
			<Add option="-fPIC" />
			<Add option="-DSQLITE_ENABLE_RTREE=1" />
			<Add option="-DSQLITECPP_ENABLE_ASSERT_HANDLER" />
			<Add directory="$(#boost.include)" />
			<Add directory="libs/FileGDB_API/lib" />
			<Add directory="libs" />
		</Compiler>
		<Linker>
			<Add option="-lboost_system -lboost_filesystem" />
			<Add option="-lFileGDBAPI -lfgdbunixrtl -pthread -ldl -lgeos" />
			<Add directory="$(#boost.lib)" />
			<Add directory="libs/SQLiteCpp" />
			<Add directory="/home/hahne/dev/netxpert/NetXpert/libs/FileGDB_API/include" />
		</Linker>
		<Unit filename="include/config.h" />
		<Unit filename="include/data.h" />
		<Unit filename="include/dbhelper.h" />
		<Unit filename="include/dbwriter.h" />
		<Unit filename="include/fgdbwriter.h" />
		<Unit filename="include/logger.h" />
		<Unit filename="include/network.h" />
		<Unit filename="include/slitewriter.h" />
		<Unit filename="include/test.h" />
		<Unit filename="libs/FileGDB_API/include/FileGDBAPI.h" />
		<Unit filename="libs/FileGDB_API/include/FileGDBCore.h" />
		<Unit filename="libs/FileGDB_API/include/Geodatabase.h" />
		<Unit filename="libs/FileGDB_API/include/GeodatabaseManagement.h" />
		<Unit filename="libs/FileGDB_API/include/Raster.h" />
		<Unit filename="libs/FileGDB_API/include/Row.h" />
		<Unit filename="libs/FileGDB_API/include/Table.h" />
		<Unit filename="libs/FileGDB_API/include/Util.h" />
		<Unit filename="libs/SQLiteCpp/Assertion.h" />
		<Unit filename="libs/SQLiteCpp/Column.cpp" />
		<Unit filename="libs/SQLiteCpp/Column.h" />
		<Unit filename="libs/SQLiteCpp/Database.cpp" />
		<Unit filename="libs/SQLiteCpp/Database.h" />
		<Unit filename="libs/SQLiteCpp/Exception.h" />
		<Unit filename="libs/SQLiteCpp/SQLiteCpp.h" />
		<Unit filename="libs/SQLiteCpp/Statement.cpp" />
		<Unit filename="libs/SQLiteCpp/Statement.h" />
		<Unit filename="libs/SQLiteCpp/Transaction.cpp" />
		<Unit filename="libs/SQLiteCpp/Transaction.h" />
		<Unit filename="libs/sqlite3.c">
			<Option compilerVar="CC" />
		</Unit>
		<Unit filename="libs/sqlite3.h" />
		<Unit filename="libs/sqlite3ext.h" />
		<Unit filename="src/config.cpp" />
		<Unit filename="src/dbhelper.cpp" />
		<Unit filename="src/fgdbwriter.cpp" />
		<Unit filename="src/logger.cpp" />
		<Unit filename="src/main.cpp" />
		<Unit filename="src/network.cpp" />
		<Unit filename="src/slitewriter.cpp" />
		<Unit filename="src/test.cpp" />
		<Extensions>
			<code_completion />
			<debugger />
		</Extensions>
	</Project>
</CodeBlocks_project_file>
