<?xml version="1.0" encoding="UTF-8" standalone="yes" ?>
<CodeBlocks_project_file>
	<FileVersion major="1" minor="6" />
	<Project>
		<Option title="netxpert" />
		<Option pch_mode="2" />
		<Option compiler="gcc" />
		<Build>
			<Target title="Debug">
				<Option output="bin/Debug/netxpert" imp_lib="$(TARGET_OUTPUT_DIR)$(TARGET_OUTPUT_BASENAME).a" def_file="$(TARGET_OUTPUT_DIR)$(TARGET_OUTPUT_BASENAME).def" prefix_auto="1" extension_auto="1" />
				<Option working_dir="bin/Debug" />
				<Option object_output="obj/Debug/" />
				<Option type="3" />
				<Option compiler="gcc" />
				<Compiler>
					<Add option="-march=corei7-avx" />
					<Add option="-Wall" />
					<Add option="-std=c++14" />
					<Add option="-m64" />
					<Add option="-g" />
					<Add option="-DDEBUG" />
					<Add directory="include" />
					<Add directory="include/core" />
					<Add directory="include/solver" />
					<Add directory="include/simple" />
				</Compiler>
				<Linker>
					<Add option="-m64" />
				</Linker>
			</Target>
			<Target title="Release">
				<Option output="bin/Release/netxpert" prefix_auto="1" extension_auto="1" />
				<Option working_dir="bin/Release" />
				<Option object_output="obj/Release/" />
				<Option type="3" />
				<Option compiler="gcc" />
				<Compiler>
					<Add option="-march=corei7-avx" />
					<Add option="-fexpensive-optimizations" />
					<Add option="-O2" />
					<Add option="-Wall" />
					<Add option="-std=c++14" />
					<Add option="-m64" />
					<Add directory="include" />
					<Add directory="include/core" />
					<Add directory="include/solver" />
					<Add directory="include/simple" />
				</Compiler>
				<Linker>
					<Add option="-m64" />
				</Linker>
			</Target>
		</Build>
		<Compiler>
			<Add option="-std=c++14" />
			<Add option="-m64" />
			<Add option="-fexceptions" />
			<Add option="-fPIC" />
			<Add option="-DSQLITE_ENABLE_RTREE=1" />
			<Add option="-DSQLITECPP_ENABLE_ASSERT_HANDLER" />
			<Add directory="libs" />
			<Add directory="/usr/include/python2.7" />
			<Add directory="include" />
			<Add directory="libs/lemon-1.3.1" />
			<Add directory="libs/geos-3.4.2/include" />
			<Add directory="libs/geos-3.4.2/include/geos" />
			<Add directory="../1_libs/FileGDB_API-64gcc51/include" />
			<Add directory="/home/hahne/dev/lemon-contrib/lemon-astar/src" />
		</Compiler>
		<Linker>
			<Add option="-m64" />
			<Add option="-fopenmp" />
			<Add library="pthread" />
			<Add library="dl" />
			<Add library="python2.7" />
			<Add library="FileGDBAPI" />
			<Add library="geos" />
			<Add directory="libs/SQLiteCpp" />
			<Add directory="../1_libs/FileGDB_API-64gcc51/lib" />
		</Linker>
		<Unit filename="include/config.h" />
		<Unit filename="include/core/imstree.h" />
		<Unit filename="include/core/isptree.h" />
		<Unit filename="include/core/mstlem.h" />
		<Unit filename="include/core/sptlem.h" />
		<Unit filename="include/data.h" />
		<Unit filename="include/dbhelper.h" />
		<Unit filename="include/dbwriter.h" />
		<Unit filename="include/fgdbwriter.h" />
		<Unit filename="include/lemon-net.h" />
		<Unit filename="include/logger.h" />
		<Unit filename="include/network.h" />
		<Unit filename="include/networkbuilder.h" />
		<Unit filename="include/simple/mstree_simple.h" />
		<Unit filename="include/simple/netbuilder_simple.h" />
		<Unit filename="include/simple/odmatrix_simple.h" />
		<Unit filename="include/simple/sptree_simple.h" />
		<Unit filename="include/slitewriter.h" />
		<Unit filename="include/solver/isolines.h" />
		<Unit filename="include/solver/isolver.h" />
		<Unit filename="include/solver/mstree.h" />
		<Unit filename="include/solver/odmatrix.h" />
		<Unit filename="include/solver/sptree.h" />
		<Unit filename="include/test.h" />
		<Unit filename="include/utils.h" />
		<Unit filename="libs/FileGDB_API/include/FileGDBAPI.h" />
		<Unit filename="libs/FileGDB_API/include/FileGDBCore.h" />
		<Unit filename="libs/FileGDB_API/include/Geodatabase.h" />
		<Unit filename="libs/FileGDB_API/include/GeodatabaseManagement.h" />
		<Unit filename="libs/FileGDB_API/include/Raster.h" />
		<Unit filename="libs/FileGDB_API/include/Row.h" />
		<Unit filename="libs/FileGDB_API/include/Table.h" />
		<Unit filename="libs/FileGDB_API/include/Util.h" />
		<Unit filename="libs/SQLiteCpp/Assertion.h" />
		<Unit filename="libs/SQLiteCpp/Backup.cpp" />
		<Unit filename="libs/SQLiteCpp/Backup.h" />
		<Unit filename="libs/SQLiteCpp/Column.cpp" />
		<Unit filename="libs/SQLiteCpp/Column.h" />
		<Unit filename="libs/SQLiteCpp/Database.cpp" />
		<Unit filename="libs/SQLiteCpp/Database.h" />
		<Unit filename="libs/SQLiteCpp/Exception.h" />
		<Unit filename="libs/SQLiteCpp/SQLiteCpp.h" />
		<Unit filename="libs/SQLiteCpp/Statement.cpp" />
		<Unit filename="libs/SQLiteCpp/Statement.h" />
		<Unit filename="libs/SQLiteCpp/Transaction.cpp" />
		<Unit filename="libs/SQLiteCpp/Transaction.h" />
		<Unit filename="libs/sqlite3.c">
			<Option compilerVar="CC" />
		</Unit>
		<Unit filename="libs/sqlite3.h" />
		<Unit filename="src/config.cpp" />
		<Unit filename="src/core/mstlem.cpp" />
		<Unit filename="src/core/netsimplexlem.cpp">
			<Option compile="0" />
			<Option link="0" />
		</Unit>
		<Unit filename="src/core/sptbgl.cpp">
			<Option compile="0" />
			<Option link="0" />
		</Unit>
		<Unit filename="src/core/sptlem.cpp" />
		<Unit filename="src/dbhelper.cpp" />
		<Unit filename="src/fgdbwriter.cpp" />
		<Unit filename="src/lemon-net.cpp" />
		<Unit filename="src/logger.cpp" />
		<Unit filename="src/main.cpp">
			<Option compile="0" />
			<Option link="0" />
		</Unit>
		<Unit filename="src/network.cpp">
			<Option compile="0" />
			<Option link="0" />
		</Unit>
		<Unit filename="src/networkbuilder.cpp" />
		<Unit filename="src/py/mcf_test.py" />
		<Unit filename="src/py/mst_test.py" />
		<Unit filename="src/py/network_test.py" />
		<Unit filename="src/py/odm_test.py" />
		<Unit filename="src/py/pynetxpert.i">
			<Option compile="1" />
		</Unit>
		<Unit filename="src/py/spt_test.py" />
		<Unit filename="src/py/transp_test.py" />
		<Unit filename="src/simple/isolines_simple.cpp">
			<Option compile="0" />
			<Option link="0" />
		</Unit>
		<Unit filename="src/simple/mcfp_simple.cpp">
			<Option compile="0" />
			<Option link="0" />
		</Unit>
		<Unit filename="src/simple/mstree_simple.cpp" />
		<Unit filename="src/simple/netbuilder_simple.cpp" />
		<Unit filename="src/simple/odmatrix_simple.cpp" />
		<Unit filename="src/simple/sptree_simple.cpp" />
		<Unit filename="src/simple/transp_simple.cpp">
			<Option compile="0" />
			<Option link="0" />
		</Unit>
		<Unit filename="src/slitewriter.cpp" />
		<Unit filename="src/solver/isolines.cpp" />
		<Unit filename="src/solver/mcflow.cpp">
			<Option compile="0" />
			<Option link="0" />
		</Unit>
		<Unit filename="src/solver/mstree.cpp" />
		<Unit filename="src/solver/odmatrix.cpp" />
		<Unit filename="src/solver/sptree.cpp" />
		<Unit filename="src/solver/transportation.cpp">
			<Option compile="0" />
			<Option link="0" />
		</Unit>
		<Unit filename="src/test.cpp" />
		<Unit filename="src/utils.cpp" />
		<Extensions>
			<code_completion />
			<debugger />
			<envvars />
		</Extensions>
	</Project>
</CodeBlocks_project_file>
